
Microsoft Visual Studio Solution File, Format Version 12.00
# Visual Studio Version 17
VisualStudioVersion = 17.5.33530.505
MinimumVisualStudioVersion = 10.0.40219.1
Project("{FAE04EC0-301F-11D3-BF4B-00C04F79EFBC}") = "WebApplication1", "WebApplication1\WebApplication1.csproj", "{AAD323BB-66B7-4FEF-A25A-8B570C51DD7B}"
EndProject
Global
	GlobalSection(SolutionConfigurationPlatforms) = preSolution
		Debug|Any CPU = Debug|Any CPU
		Release|Any CPU = Release|Any CPU
	EndGlobalSection
	GlobalSection(ProjectConfigurationPlatforms) = postSolution
		{AAD323BB-66B7-4FEF-A25A-8B570C51DD7B}.Debug|Any CPU.ActiveCfg = Debug|Any CPU
		{AAD323BB-66B7-4FEF-A25A-8B570C51DD7B}.Debug|Any CPU.Build.0 = Debug|Any CPU
		{AAD323BB-66B7-4FEF-A25A-8B570C51DD7B}.Release|Any CPU.ActiveCfg = Release|Any CPU
		{AAD323BB-66B7-4FEF-A25A-8B570C51DD7B}.Release|Any CPU.Build.0 = Release|Any CPU
	EndGlobalSection
	GlobalSection(SolutionProperties) = preSolution
		HideSolutionNode = FALSE
	EndGlobalSection
	GlobalSection(ExtensibilityGlobals) = postSolution
		SolutionGuid = {BB621DF8-6DEE-4C98-A9D4-76851BB9D814}
	EndGlobalSection
EndGlobal
